
Microsoft Visual Studio Solution File, Format Version 12.00
# Visual Studio Version 16
VisualStudioVersion = 16.0.31605.320
MinimumVisualStudioVersion = 10.0.40219.1
Project("{FAE04EC0-301F-11D3-BF4B-00C04F79EFBC}") = "Commons", "Commons\Commons.csproj", "{A698ECFC-9421-478D-BD9C-92D66014082C}"
EndProject
Global
	GlobalSection(SolutionConfigurationPlatforms) = preSolution
		Debug|Any CPU = Debug|Any CPU
		Release|Any CPU = Release|Any CPU
	EndGlobalSection
	GlobalSection(ProjectConfigurationPlatforms) = postSolution
		{A698ECFC-9421-478D-BD9C-92D66014082C}.Debug|Any CPU.ActiveCfg = Debug|Any CPU
		{A698ECFC-9421-478D-BD9C-92D66014082C}.Debug|Any CPU.Build.0 = Debug|Any CPU
		{A698ECFC-9421-478D-BD9C-92D66014082C}.Release|Any CPU.ActiveCfg = Release|Any CPU
		{A698ECFC-9421-478D-BD9C-92D66014082C}.Release|Any CPU.Build.0 = Release|Any CPU
	EndGlobalSection
	GlobalSection(SolutionProperties) = preSolution
		HideSolutionNode = FALSE
	EndGlobalSection
	GlobalSection(ExtensibilityGlobals) = postSolution
		SolutionGuid = {16840A5D-4D80-475E-A355-CADDB06E9449}
	EndGlobalSection
EndGlobal
